// !$*UTF8*$!
{
	archiveVersion = 1;
	classes = {
	};
	objectVersion = 51;
	objects = {

/* Begin PBXBuildFile section */
		E54BBA9C256E64F00099886C /* Activity.swift in Sources */ = {isa = PBXBuildFile; fileRef = E54BBA9B256E64F00099886C /* Activity.swift */; };
		E54BBA9E256E69690099886C /* JournalManager.swift in Sources */ = {isa = PBXBuildFile; fileRef = E54BBA9D256E69690099886C /* JournalManager.swift */; };
		E54BBAA4256E6FC00099886C /* DistanceAcrivity.swift in Sources */ = {isa = PBXBuildFile; fileRef = E54BBAA3256E6FC00099886C /* DistanceAcrivity.swift */; };
		E54BBAA6256E703F0099886C /* RepetitionActivity.swift in Sources */ = {isa = PBXBuildFile; fileRef = E54BBAA5256E703F0099886C /* RepetitionActivity.swift */; };
		E54BBAA8256FBB8A0099886C /* DurationActivity.swift in Sources */ = {isa = PBXBuildFile; fileRef = E54BBAA7256FBB8A0099886C /* DurationActivity.swift */; };
		E54BBAAC256FBDD50099886C /* Running.swift in Sources */ = {isa = PBXBuildFile; fileRef = E54BBAAB256FBDD50099886C /* Running.swift */; };
		E587E967256E49D20063A46C /* AppDelegate.swift in Sources */ = {isa = PBXBuildFile; fileRef = E587E966256E49D20063A46C /* AppDelegate.swift */; };
		E587E969256E49D20063A46C /* SceneDelegate.swift in Sources */ = {isa = PBXBuildFile; fileRef = E587E968256E49D20063A46C /* SceneDelegate.swift */; };
		E587E96B256E49D20063A46C /* ViewController.swift in Sources */ = {isa = PBXBuildFile; fileRef = E587E96A256E49D20063A46C /* ViewController.swift */; };
		E587E96E256E49D20063A46C /* Main.storyboard in Resources */ = {isa = PBXBuildFile; fileRef = E587E96C256E49D20063A46C /* Main.storyboard */; };
		E587E971256E49D20063A46C /* WorkoutJournal.xcdatamodeld in Sources */ = {isa = PBXBuildFile; fileRef = E587E96F256E49D20063A46C /* WorkoutJournal.xcdatamodeld */; };
		E587E973256E49D30063A46C /* Assets.xcassets in Resources */ = {isa = PBXBuildFile; fileRef = E587E972256E49D30063A46C /* Assets.xcassets */; };
		E587E976256E49D30063A46C /* LaunchScreen.storyboard in Resources */ = {isa = PBXBuildFile; fileRef = E587E974256E49D30063A46C /* LaunchScreen.storyboard */; };
		E587E983256E534A0063A46C /* User.swift in Sources */ = {isa = PBXBuildFile; fileRef = E587E982256E534A0063A46C /* User.swift */; };
		E587E985256E547D0063A46C /* Journal.swift in Sources */ = {isa = PBXBuildFile; fileRef = E587E984256E547D0063A46C /* Journal.swift */; };
		E587E987256E54A00063A46C /* JournalEntry.swift in Sources */ = {isa = PBXBuildFile; fileRef = E587E986256E54A00063A46C /* JournalEntry.swift */; };
		E587E989256E5D6E0063A46C /* GoogleService-Info.plist in Resources */ = {isa = PBXBuildFile; fileRef = E587E988256E5D6E0063A46C /* GoogleService-Info.plist */; };
		F5FEFBEC5E9EF02B9EBC2BC3 /* Pods_WorkoutJournal.framework in Frameworks */ = {isa = PBXBuildFile; fileRef = 7DB0D67B1BB9F253A7B603A0 /* Pods_WorkoutJournal.framework */; };
/* End PBXBuildFile section */

/* Begin PBXFileReference section */
		7D81DB0BCAE88DC71E946C2C /* Pods-WorkoutJournal.release.xcconfig */ = {isa = PBXFileReference; includeInIndex = 1; lastKnownFileType = text.xcconfig; name = "Pods-WorkoutJournal.release.xcconfig"; path = "Target Support Files/Pods-WorkoutJournal/Pods-WorkoutJournal.release.xcconfig"; sourceTree = "<group>"; };
		7DB0D67B1BB9F253A7B603A0 /* Pods_WorkoutJournal.framework */ = {isa = PBXFileReference; explicitFileType = wrapper.framework; includeInIndex = 0; path = Pods_WorkoutJournal.framework; sourceTree = BUILT_PRODUCTS_DIR; };
		D004BDCDC4F255A8F1542556 /* Pods-WorkoutJournal.debug.xcconfig */ = {isa = PBXFileReference; includeInIndex = 1; lastKnownFileType = text.xcconfig; name = "Pods-WorkoutJournal.debug.xcconfig"; path = "Target Support Files/Pods-WorkoutJournal/Pods-WorkoutJournal.debug.xcconfig"; sourceTree = "<group>"; };
		E54BBA9B256E64F00099886C /* Activity.swift */ = {isa = PBXFileReference; lastKnownFileType = sourcecode.swift; path = Activity.swift; sourceTree = "<group>"; };
		E54BBA9D256E69690099886C /* JournalManager.swift */ = {isa = PBXFileReference; lastKnownFileType = sourcecode.swift; path = JournalManager.swift; sourceTree = "<group>"; };
		E54BBAA3256E6FC00099886C /* DistanceAcrivity.swift */ = {isa = PBXFileReference; lastKnownFileType = sourcecode.swift; path = DistanceAcrivity.swift; sourceTree = "<group>"; };
		E54BBAA5256E703F0099886C /* RepetitionActivity.swift */ = {isa = PBXFileReference; lastKnownFileType = sourcecode.swift; path = RepetitionActivity.swift; sourceTree = "<group>"; };
		E54BBAA7256FBB8A0099886C /* DurationActivity.swift */ = {isa = PBXFileReference; lastKnownFileType = sourcecode.swift; path = DurationActivity.swift; sourceTree = "<group>"; };
		E54BBAAB256FBDD50099886C /* Running.swift */ = {isa = PBXFileReference; lastKnownFileType = sourcecode.swift; path = Running.swift; sourceTree = "<group>"; };
		E587E963256E49D20063A46C /* WorkoutJournal.app */ = {isa = PBXFileReference; explicitFileType = wrapper.application; includeInIndex = 0; path = WorkoutJournal.app; sourceTree = BUILT_PRODUCTS_DIR; };
		E587E966256E49D20063A46C /* AppDelegate.swift */ = {isa = PBXFileReference; lastKnownFileType = sourcecode.swift; path = AppDelegate.swift; sourceTree = "<group>"; };
		E587E968256E49D20063A46C /* SceneDelegate.swift */ = {isa = PBXFileReference; lastKnownFileType = sourcecode.swift; path = SceneDelegate.swift; sourceTree = "<group>"; };
		E587E96A256E49D20063A46C /* ViewController.swift */ = {isa = PBXFileReference; lastKnownFileType = sourcecode.swift; path = ViewController.swift; sourceTree = "<group>"; };
		E587E96D256E49D20063A46C /* Base */ = {isa = PBXFileReference; lastKnownFileType = file.storyboard; name = Base; path = Base.lproj/Main.storyboard; sourceTree = "<group>"; };
		E587E970256E49D20063A46C /* WorkoutJournal.xcdatamodel */ = {isa = PBXFileReference; lastKnownFileType = wrapper.xcdatamodel; path = WorkoutJournal.xcdatamodel; sourceTree = "<group>"; };
		E587E972256E49D30063A46C /* Assets.xcassets */ = {isa = PBXFileReference; lastKnownFileType = folder.assetcatalog; path = Assets.xcassets; sourceTree = "<group>"; };
		E587E975256E49D30063A46C /* Base */ = {isa = PBXFileReference; lastKnownFileType = file.storyboard; name = Base; path = Base.lproj/LaunchScreen.storyboard; sourceTree = "<group>"; };
		E587E977256E49D30063A46C /* Info.plist */ = {isa = PBXFileReference; lastKnownFileType = text.plist.xml; path = Info.plist; sourceTree = "<group>"; };
		E587E982256E534A0063A46C /* User.swift */ = {isa = PBXFileReference; lastKnownFileType = sourcecode.swift; path = User.swift; sourceTree = "<group>"; };
		E587E984256E547D0063A46C /* Journal.swift */ = {isa = PBXFileReference; lastKnownFileType = sourcecode.swift; path = Journal.swift; sourceTree = "<group>"; };
		E587E986256E54A00063A46C /* JournalEntry.swift */ = {isa = PBXFileReference; lastKnownFileType = sourcecode.swift; path = JournalEntry.swift; sourceTree = "<group>"; };
		E587E988256E5D6E0063A46C /* GoogleService-Info.plist */ = {isa = PBXFileReference; fileEncoding = 4; lastKnownFileType = text.plist.xml; path = "GoogleService-Info.plist"; sourceTree = "<group>"; };
/* End PBXFileReference section */

/* Begin PBXFrameworksBuildPhase section */
		E587E960256E49D20063A46C /* Frameworks */ = {
			isa = PBXFrameworksBuildPhase;
			buildActionMask = 2147483647;
			files = (
				F5FEFBEC5E9EF02B9EBC2BC3 /* Pods_WorkoutJournal.framework in Frameworks */,
			);
			runOnlyForDeploymentPostprocessing = 0;
		};
/* End PBXFrameworksBuildPhase section */

/* Begin PBXGroup section */
		9C8B5C632FA32DFD758E899F /* Pods */ = {
			isa = PBXGroup;
			children = (
				D004BDCDC4F255A8F1542556 /* Pods-WorkoutJournal.debug.xcconfig */,
				7D81DB0BCAE88DC71E946C2C /* Pods-WorkoutJournal.release.xcconfig */,
			);
			path = Pods;
			sourceTree = "<group>";
		};
		CB60E078E1D1B7BAA9A3833A /* Frameworks */ = {
			isa = PBXGroup;
			children = (
				7DB0D67B1BB9F253A7B603A0 /* Pods_WorkoutJournal.framework */,
			);
			name = Frameworks;
			sourceTree = "<group>";
		};
		E54BBAA9256FBDAC0099886C /* Activities */ = {
			isa = PBXGroup;
			children = (
				E54BBAAA256FBDC10099886C /* Protocols */,
				E54BBAAB256FBDD50099886C /* Running.swift */,
			);
			path = Activities;
			sourceTree = "<group>";
		};
		E54BBAAA256FBDC10099886C /* Protocols */ = {
			isa = PBXGroup;
			children = (
				E54BBA9B256E64F00099886C /* Activity.swift */,
				E54BBAA3256E6FC00099886C /* DistanceAcrivity.swift */,
				E54BBAA5256E703F0099886C /* RepetitionActivity.swift */,
				E54BBAA7256FBB8A0099886C /* DurationActivity.swift */,
			);
			path = Protocols;
			sourceTree = "<group>";
		};
		E587E95A256E49D20063A46C = {
			isa = PBXGroup;
			children = (
				E587E965256E49D20063A46C /* WorkoutJournal */,
				E587E964256E49D20063A46C /* Products */,
				9C8B5C632FA32DFD758E899F /* Pods */,
				CB60E078E1D1B7BAA9A3833A /* Frameworks */,
			);
			sourceTree = "<group>";
		};
		E587E964256E49D20063A46C /* Products */ = {
			isa = PBXGroup;
			children = (
				E587E963256E49D20063A46C /* WorkoutJournal.app */,
			);
			name = Products;
			sourceTree = "<group>";
		};
		E587E965256E49D20063A46C /* WorkoutJournal */ = {
			isa = PBXGroup;
			children = (
				E587E988256E5D6E0063A46C /* GoogleService-Info.plist */,
				E587E981256E4A2E0063A46C /* CoreData */,
				E587E980256E4A1F0063A46C /* Storyboards */,
				E587E97F256E4A110063A46C /* Controllers */,
				E587E97E256E4A070063A46C /* Delegates */,
				E587E97D256E49FB0063A46C /* Model */,
				E587E972256E49D30063A46C /* Assets.xcassets */,
				E587E977256E49D30063A46C /* Info.plist */,
			);
			path = WorkoutJournal;
			sourceTree = "<group>";
		};
		E587E97D256E49FB0063A46C /* Model */ = {
			isa = PBXGroup;
			children = (
				E54BBAA9256FBDAC0099886C /* Activities */,
				E587E982256E534A0063A46C /* User.swift */,
				E587E984256E547D0063A46C /* Journal.swift */,
				E587E986256E54A00063A46C /* JournalEntry.swift */,
				E54BBA9D256E69690099886C /* JournalManager.swift */,
			);
			path = Model;
			sourceTree = "<group>";
		};
		E587E97E256E4A070063A46C /* Delegates */ = {
			isa = PBXGroup;
			children = (
				E587E966256E49D20063A46C /* AppDelegate.swift */,
				E587E968256E49D20063A46C /* SceneDelegate.swift */,
			);
			path = Delegates;
			sourceTree = "<group>";
		};
		E587E97F256E4A110063A46C /* Controllers */ = {
			isa = PBXGroup;
			children = (
				E587E96A256E49D20063A46C /* ViewController.swift */,
			);
			path = Controllers;
			sourceTree = "<group>";
		};
		E587E980256E4A1F0063A46C /* Storyboards */ = {
			isa = PBXGroup;
			children = (
				E587E96C256E49D20063A46C /* Main.storyboard */,
				E587E974256E49D30063A46C /* LaunchScreen.storyboard */,
			);
			path = Storyboards;
			sourceTree = "<group>";
		};
		E587E981256E4A2E0063A46C /* CoreData */ = {
			isa = PBXGroup;
			children = (
				E587E96F256E49D20063A46C /* WorkoutJournal.xcdatamodeld */,
			);
			path = CoreData;
			sourceTree = "<group>";
		};
/* End PBXGroup section */

/* Begin PBXNativeTarget section */
		E587E962256E49D20063A46C /* WorkoutJournal */ = {
			isa = PBXNativeTarget;
			buildConfigurationList = E587E97A256E49D30063A46C /* Build configuration list for PBXNativeTarget "WorkoutJournal" */;
			buildPhases = (
				DD22BD554F434B1DE6C6B80F /* [CP] Check Pods Manifest.lock */,
				E587E95F256E49D20063A46C /* Sources */,
				E587E960256E49D20063A46C /* Frameworks */,
				E587E961256E49D20063A46C /* Resources */,
				B3606756051E3DB2ABE5645F /* [CP] Embed Pods Frameworks */,
			);
			buildRules = (
			);
			dependencies = (
			);
			name = WorkoutJournal;
			productName = WorkoutJournal;
			productReference = E587E963256E49D20063A46C /* WorkoutJournal.app */;
			productType = "com.apple.product-type.application";
		};
/* End PBXNativeTarget section */

/* Begin PBXProject section */
		E587E95B256E49D20063A46C /* Project object */ = {
			isa = PBXProject;
			attributes = {
				LastSwiftUpdateCheck = 1130;
				LastUpgradeCheck = 1130;
				ORGANIZATIONNAME = "Vlad Bilyk";
				TargetAttributes = {
					E587E962256E49D20063A46C = {
						CreatedOnToolsVersion = 11.3.1;
					};
				};
			};
			buildConfigurationList = E587E95E256E49D20063A46C /* Build configuration list for PBXProject "WorkoutJournal" */;
			compatibilityVersion = "Xcode 9.3";
			developmentRegion = en;
			hasScannedForEncodings = 0;
			knownRegions = (
				en,
				Base,
			);
			mainGroup = E587E95A256E49D20063A46C;
			productRefGroup = E587E964256E49D20063A46C /* Products */;
			projectDirPath = "";
			projectRoot = "";
			targets = (
				E587E962256E49D20063A46C /* WorkoutJournal */,
			);
		};
/* End PBXProject section */

/* Begin PBXResourcesBuildPhase section */
		E587E961256E49D20063A46C /* Resources */ = {
			isa = PBXResourcesBuildPhase;
			buildActionMask = 2147483647;
			files = (
				E587E976256E49D30063A46C /* LaunchScreen.storyboard in Resources */,
				E587E989256E5D6E0063A46C /* GoogleService-Info.plist in Resources */,
				E587E973256E49D30063A46C /* Assets.xcassets in Resources */,
				E587E96E256E49D20063A46C /* Main.storyboard in Resources */,
			);
			runOnlyForDeploymentPostprocessing = 0;
		};
/* End PBXResourcesBuildPhase section */

/* Begin PBXShellScriptBuildPhase section */
		B3606756051E3DB2ABE5645F /* [CP] Embed Pods Frameworks */ = {
			isa = PBXShellScriptBuildPhase;
			buildActionMask = 2147483647;
			files = (
			);
			inputFileListPaths = (
				"${PODS_ROOT}/Target Support Files/Pods-WorkoutJournal/Pods-WorkoutJournal-frameworks-${CONFIGURATION}-input-files.xcfilelist",
			);
			name = "[CP] Embed Pods Frameworks";
			outputFileListPaths = (
				"${PODS_ROOT}/Target Support Files/Pods-WorkoutJournal/Pods-WorkoutJournal-frameworks-${CONFIGURATION}-output-files.xcfilelist",
			);
			runOnlyForDeploymentPostprocessing = 0;
			shellPath = /bin/sh;
			shellScript = "\"${PODS_ROOT}/Target Support Files/Pods-WorkoutJournal/Pods-WorkoutJournal-frameworks.sh\"\n";
			showEnvVarsInLog = 0;
		};
		DD22BD554F434B1DE6C6B80F /* [CP] Check Pods Manifest.lock */ = {
			isa = PBXShellScriptBuildPhase;
			buildActionMask = 2147483647;
			files = (
			);
			inputFileListPaths = (
			);
			inputPaths = (
				"${PODS_PODFILE_DIR_PATH}/Podfile.lock",
				"${PODS_ROOT}/Manifest.lock",
			);
			name = "[CP] Check Pods Manifest.lock";
			outputFileListPaths = (
			);
			outputPaths = (
				"$(DERIVED_FILE_DIR)/Pods-WorkoutJournal-checkManifestLockResult.txt",
			);
			runOnlyForDeploymentPostprocessing = 0;
			shellPath = /bin/sh;
			shellScript = "diff \"${PODS_PODFILE_DIR_PATH}/Podfile.lock\" \"${PODS_ROOT}/Manifest.lock\" > /dev/null\nif [ $? != 0 ] ; then\n    # print error to STDERR\n    echo \"error: The sandbox is not in sync with the Podfile.lock. Run 'pod install' or update your CocoaPods installation.\" >&2\n    exit 1\nfi\n# This output is used by Xcode 'outputs' to avoid re-running this script phase.\necho \"SUCCESS\" > \"${SCRIPT_OUTPUT_FILE_0}\"\n";
			showEnvVarsInLog = 0;
		};
/* End PBXShellScriptBuildPhase section */

/* Begin PBXSourcesBuildPhase section */
		E587E95F256E49D20063A46C /* Sources */ = {
			isa = PBXSourcesBuildPhase;
			buildActionMask = 2147483647;
			files = (
				E54BBAA8256FBB8A0099886C /* DurationActivity.swift in Sources */,
				E587E96B256E49D20063A46C /* ViewController.swift in Sources */,
				E587E971256E49D20063A46C /* WorkoutJournal.xcdatamodeld in Sources */,
				E587E967256E49D20063A46C /* AppDelegate.swift in Sources */,
				E54BBAAC256FBDD50099886C /* Running.swift in Sources */,
				E54BBAA4256E6FC00099886C /* DistanceAcrivity.swift in Sources */,
				E587E983256E534A0063A46C /* User.swift in Sources */,
				E587E969256E49D20063A46C /* SceneDelegate.swift in Sources */,
				E587E987256E54A00063A46C /* JournalEntry.swift in Sources */,
				E54BBA9C256E64F00099886C /* Activity.swift in Sources */,
				E54BBAA6256E703F0099886C /* RepetitionActivity.swift in Sources */,
				E587E985256E547D0063A46C /* Journal.swift in Sources */,
				E54BBA9E256E69690099886C /* JournalManager.swift in Sources */,
			);
			runOnlyForDeploymentPostprocessing = 0;
		};
/* End PBXSourcesBuildPhase section */

/* Begin PBXVariantGroup section */
		E587E96C256E49D20063A46C /* Main.storyboard */ = {
			isa = PBXVariantGroup;
			children = (
				E587E96D256E49D20063A46C /* Base */,
			);
			name = Main.storyboard;
			sourceTree = "<group>";
		};
		E587E974256E49D30063A46C /* LaunchScreen.storyboard */ = {
			isa = PBXVariantGroup;
			children = (
				E587E975256E49D30063A46C /* Base */,
			);
			name = LaunchScreen.storyboard;
			sourceTree = "<group>";
		};
/* End PBXVariantGroup section */

/* Begin XCBuildConfiguration section */
		E587E978256E49D30063A46C /* Debug */ = {
			isa = XCBuildConfiguration;
			buildSettings = {
				ALWAYS_SEARCH_USER_PATHS = NO;
				CLANG_ANALYZER_NONNULL = YES;
				CLANG_ANALYZER_NUMBER_OBJECT_CONVERSION = YES_AGGRESSIVE;
				CLANG_CXX_LANGUAGE_STANDARD = "gnu++14";
				CLANG_CXX_LIBRARY = "libc++";
				CLANG_ENABLE_MODULES = YES;
				CLANG_ENABLE_OBJC_ARC = YES;
				CLANG_ENABLE_OBJC_WEAK = YES;
				CLANG_WARN_BLOCK_CAPTURE_AUTORELEASING = YES;
				CLANG_WARN_BOOL_CONVERSION = YES;
				CLANG_WARN_COMMA = YES;
				CLANG_WARN_CONSTANT_CONVERSION = YES;
				CLANG_WARN_DEPRECATED_OBJC_IMPLEMENTATIONS = YES;
				CLANG_WARN_DIRECT_OBJC_ISA_USAGE = YES_ERROR;
				CLANG_WARN_DOCUMENTATION_COMMENTS = YES;
				CLANG_WARN_EMPTY_BODY = YES;
				CLANG_WARN_ENUM_CONVERSION = YES;
				CLANG_WARN_INFINITE_RECURSION = YES;
				CLANG_WARN_INT_CONVERSION = YES;
				CLANG_WARN_NON_LITERAL_NULL_CONVERSION = YES;
				CLANG_WARN_OBJC_IMPLICIT_RETAIN_SELF = YES;
				CLANG_WARN_OBJC_LITERAL_CONVERSION = YES;
				CLANG_WARN_OBJC_ROOT_CLASS = YES_ERROR;
				CLANG_WARN_RANGE_LOOP_ANALYSIS = YES;
				CLANG_WARN_STRICT_PROTOTYPES = YES;
				CLANG_WARN_SUSPICIOUS_MOVE = YES;
				CLANG_WARN_UNGUARDED_AVAILABILITY = YES_AGGRESSIVE;
				CLANG_WARN_UNREACHABLE_CODE = YES;
				CLANG_WARN__DUPLICATE_METHOD_MATCH = YES;
				COPY_PHASE_STRIP = NO;
				DEBUG_INFORMATION_FORMAT = dwarf;
				ENABLE_STRICT_OBJC_MSGSEND = YES;
				ENABLE_TESTABILITY = YES;
				GCC_C_LANGUAGE_STANDARD = gnu11;
				GCC_DYNAMIC_NO_PIC = NO;
				GCC_NO_COMMON_BLOCKS = YES;
				GCC_OPTIMIZATION_LEVEL = 0;
				GCC_PREPROCESSOR_DEFINITIONS = (
					"DEBUG=1",
					"$(inherited)",
				);
				GCC_WARN_64_TO_32_BIT_CONVERSION = YES;
				GCC_WARN_ABOUT_RETURN_TYPE = YES_ERROR;
				GCC_WARN_UNDECLARED_SELECTOR = YES;
				GCC_WARN_UNINITIALIZED_AUTOS = YES_AGGRESSIVE;
				GCC_WARN_UNUSED_FUNCTION = YES;
				GCC_WARN_UNUSED_VARIABLE = YES;
				IPHONEOS_DEPLOYMENT_TARGET = 13.2;
				MTL_ENABLE_DEBUG_INFO = INCLUDE_SOURCE;
				MTL_FAST_MATH = YES;
				ONLY_ACTIVE_ARCH = YES;
				SDKROOT = iphoneos;
				SWIFT_ACTIVE_COMPILATION_CONDITIONS = DEBUG;
				SWIFT_OPTIMIZATION_LEVEL = "-Onone";
			};
			name = Debug;
		};
		E587E979256E49D30063A46C /* Release */ = {
			isa = XCBuildConfiguration;
			buildSettings = {
				ALWAYS_SEARCH_USER_PATHS = NO;
				CLANG_ANALYZER_NONNULL = YES;
				CLANG_ANALYZER_NUMBER_OBJECT_CONVERSION = YES_AGGRESSIVE;
				CLANG_CXX_LANGUAGE_STANDARD = "gnu++14";
				CLANG_CXX_LIBRARY = "libc++";
				CLANG_ENABLE_MODULES = YES;
				CLANG_ENABLE_OBJC_ARC = YES;
				CLANG_ENABLE_OBJC_WEAK = YES;
				CLANG_WARN_BLOCK_CAPTURE_AUTORELEASING = YES;
				CLANG_WARN_BOOL_CONVERSION = YES;
				CLANG_WARN_COMMA = YES;
				CLANG_WARN_CONSTANT_CONVERSION = YES;
				CLANG_WARN_DEPRECATED_OBJC_IMPLEMENTATIONS = YES;
				CLANG_WARN_DIRECT_OBJC_ISA_USAGE = YES_ERROR;
				CLANG_WARN_DOCUMENTATION_COMMENTS = YES;
				CLANG_WARN_EMPTY_BODY = YES;
				CLANG_WARN_ENUM_CONVERSION = YES;
				CLANG_WARN_INFINITE_RECURSION = YES;
				CLANG_WARN_INT_CONVERSION = YES;
				CLANG_WARN_NON_LITERAL_NULL_CONVERSION = YES;
				CLANG_WARN_OBJC_IMPLICIT_RETAIN_SELF = YES;
				CLANG_WARN_OBJC_LITERAL_CONVERSION = YES;
				CLANG_WARN_OBJC_ROOT_CLASS = YES_ERROR;
				CLANG_WARN_RANGE_LOOP_ANALYSIS = YES;
				CLANG_WARN_STRICT_PROTOTYPES = YES;
				CLANG_WARN_SUSPICIOUS_MOVE = YES;
				CLANG_WARN_UNGUARDED_AVAILABILITY = YES_AGGRESSIVE;
				CLANG_WARN_UNREACHABLE_CODE = YES;
				CLANG_WARN__DUPLICATE_METHOD_MATCH = YES;
				COPY_PHASE_STRIP = NO;
				DEBUG_INFORMATION_FORMAT = "dwarf-with-dsym";
				ENABLE_NS_ASSERTIONS = NO;
				ENABLE_STRICT_OBJC_MSGSEND = YES;
				GCC_C_LANGUAGE_STANDARD = gnu11;
				GCC_NO_COMMON_BLOCKS = YES;
				GCC_WARN_64_TO_32_BIT_CONVERSION = YES;
				GCC_WARN_ABOUT_RETURN_TYPE = YES_ERROR;
				GCC_WARN_UNDECLARED_SELECTOR = YES;
				GCC_WARN_UNINITIALIZED_AUTOS = YES_AGGRESSIVE;
				GCC_WARN_UNUSED_FUNCTION = YES;
				GCC_WARN_UNUSED_VARIABLE = YES;
				IPHONEOS_DEPLOYMENT_TARGET = 13.2;
				MTL_ENABLE_DEBUG_INFO = NO;
				MTL_FAST_MATH = YES;
				SDKROOT = iphoneos;
				SWIFT_COMPILATION_MODE = wholemodule;
				SWIFT_OPTIMIZATION_LEVEL = "-O";
				VALIDATE_PRODUCT = YES;
			};
			name = Release;
		};
		E587E97B256E49D30063A46C /* Debug */ = {
			isa = XCBuildConfiguration;
			baseConfigurationReference = D004BDCDC4F255A8F1542556 /* Pods-WorkoutJournal.debug.xcconfig */;
			buildSettings = {
				ASSETCATALOG_COMPILER_APPICON_NAME = AppIcon;
				CODE_SIGN_STYLE = Automatic;
				DEVELOPMENT_TEAM = 97S75CZHPL;
				INFOPLIST_FILE = WorkoutJournal/Info.plist;
				LD_RUNPATH_SEARCH_PATHS = (
					"$(inherited)",
					"@executable_path/Frameworks",
				);
				PRODUCT_BUNDLE_IDENTIFIER = "vlad-bilyk.WorkoutJournal";
				PRODUCT_NAME = "$(TARGET_NAME)";
				SWIFT_VERSION = 5.0;
				TARGETED_DEVICE_FAMILY = "1,2";
			};
			name = Debug;
		};
		E587E97C256E49D30063A46C /* Release */ = {
			isa = XCBuildConfiguration;
			baseConfigurationReference = 7D81DB0BCAE88DC71E946C2C /* Pods-WorkoutJournal.release.xcconfig */;
			buildSettings = {
				ASSETCATALOG_COMPILER_APPICON_NAME = AppIcon;
				CODE_SIGN_STYLE = Automatic;
				DEVELOPMENT_TEAM = 97S75CZHPL;
				INFOPLIST_FILE = WorkoutJournal/Info.plist;
				LD_RUNPATH_SEARCH_PATHS = (
					"$(inherited)",
					"@executable_path/Frameworks",
				);
				PRODUCT_BUNDLE_IDENTIFIER = "vlad-bilyk.WorkoutJournal";
				PRODUCT_NAME = "$(TARGET_NAME)";
				SWIFT_VERSION = 5.0;
				TARGETED_DEVICE_FAMILY = "1,2";
			};
			name = Release;
		};
/* End XCBuildConfiguration section */

/* Begin XCConfigurationList section */
		E587E95E256E49D20063A46C /* Build configuration list for PBXProject "WorkoutJournal" */ = {
			isa = XCConfigurationList;
			buildConfigurations = (
				E587E978256E49D30063A46C /* Debug */,
				E587E979256E49D30063A46C /* Release */,
			);
			defaultConfigurationIsVisible = 0;
			defaultConfigurationName = Release;
		};
		E587E97A256E49D30063A46C /* Build configuration list for PBXNativeTarget "WorkoutJournal" */ = {
			isa = XCConfigurationList;
			buildConfigurations = (
				E587E97B256E49D30063A46C /* Debug */,
				E587E97C256E49D30063A46C /* Release */,
			);
			defaultConfigurationIsVisible = 0;
			defaultConfigurationName = Release;
		};
/* End XCConfigurationList section */

/* Begin XCVersionGroup section */
		E587E96F256E49D20063A46C /* WorkoutJournal.xcdatamodeld */ = {
			isa = XCVersionGroup;
			children = (
				E587E970256E49D20063A46C /* WorkoutJournal.xcdatamodel */,
			);
			currentVersion = E587E970256E49D20063A46C /* WorkoutJournal.xcdatamodel */;
			path = WorkoutJournal.xcdatamodeld;
			sourceTree = "<group>";
			versionGroupType = wrapper.xcdatamodel;
		};
/* End XCVersionGroup section */
	};
	rootObject = E587E95B256E49D20063A46C /* Project object */;
}
